Microsoft Visual Studio Solution File, Format Version 9.00
# Visual Studio 2005
Project("{8BC9CEB8-8B4A-11D0-8D11-00A0C91BC942}") = "LataleClient", "LataleClient\LataleClient.vcproj", "{AA4D7DE0-E0C4-4E8F-B4CF-A2D03385CC15}"
	ProjectSection(ProjectDependencies) = postProject
		{D7DF051C-CA67-4849-9315-009A62CFC762} = {D7DF051C-CA67-4849-9315-009A62CFC762}
	EndProjectSection
EndProject
Project("{8BC9CEB8-8B4A-11D0-8D11-00A0C91BC942}") = "SPCore", "SPCore\SPCore.vcproj", "{D7DF051C-CA67-4849-9315-009A62CFC762}"
EndProject
Global
	GlobalSection(SolutionConfigurationPlatforms) = preSolution
		Debug_Just_Run|Win32 = Debug_Just_Run|Win32
		DEBUG_NEWPACK|Win32 = DEBUG_NEWPACK|Win32
		DEBUG_RES_ELIAS|Win32 = DEBUG_RES_ELIAS|Win32
		DEBUG_RES_LOCAL|Win32 = DEBUG_RES_LOCAL|Win32
		Debug|Win32 = Debug|Win32
		debugGuild|Win32 = debugGuild|Win32
		DebugPVP|Win32 = DebugPVP|Win32
		DebugRSClient|Win32 = DebugRSClient|Win32
		mycfg|Win32 = mycfg|Win32
		Release_Just_Run|Win32 = Release_Just_Run|Win32
		RELEASE_RES_BELOS|Win32 = RELEASE_RES_BELOS|Win32
		Release|Win32 = Release|Win32
		ReleaseDebug|Win32 = ReleaseDebug|Win32
	EndGlobalSection
	GlobalSection(ProjectConfigurationPlatforms) = postSolution
		{AA4D7DE0-E0C4-4E8F-B4CF-A2D03385CC15}.Debug_Just_Run|Win32.ActiveCfg = Debug_Just_Run|Win32
		{AA4D7DE0-E0C4-4E8F-B4CF-A2D03385CC15}.Debug_Just_Run|Win32.Build.0 = Debug_Just_Run|Win32
		{AA4D7DE0-E0C4-4E8F-B4CF-A2D03385CC15}.DEBUG_NEWPACK|Win32.ActiveCfg = DEBUG_NEWPACK|Win32
		{AA4D7DE0-E0C4-4E8F-B4CF-A2D03385CC15}.DEBUG_NEWPACK|Win32.Build.0 = DEBUG_NEWPACK|Win32
		{AA4D7DE0-E0C4-4E8F-B4CF-A2D03385CC15}.DEBUG_RES_ELIAS|Win32.ActiveCfg = DEBUG_RES_ELIAS|Win32
		{AA4D7DE0-E0C4-4E8F-B4CF-A2D03385CC15}.DEBUG_RES_ELIAS|Win32.Build.0 = DEBUG_RES_ELIAS|Win32
		{AA4D7DE0-E0C4-4E8F-B4CF-A2D03385CC15}.DEBUG_RES_LOCAL|Win32.ActiveCfg = DEBUG_RES_LOCAL|Win32
		{AA4D7DE0-E0C4-4E8F-B4CF-A2D03385CC15}.DEBUG_RES_LOCAL|Win32.Build.0 = DEBUG_RES_LOCAL|Win32
		{AA4D7DE0-E0C4-4E8F-B4CF-A2D03385CC15}.Debug|Win32.ActiveCfg = Debug|Win32
		{AA4D7DE0-E0C4-4E8F-B4CF-A2D03385CC15}.Debug|Win32.Build.0 = Debug|Win32
		{AA4D7DE0-E0C4-4E8F-B4CF-A2D03385CC15}.debugGuild|Win32.ActiveCfg = debugGuild|Win32
		{AA4D7DE0-E0C4-4E8F-B4CF-A2D03385CC15}.debugGuild|Win32.Build.0 = debugGuild|Win32
		{AA4D7DE0-E0C4-4E8F-B4CF-A2D03385CC15}.DebugPVP|Win32.ActiveCfg = DebugPVP|Win32
		{AA4D7DE0-E0C4-4E8F-B4CF-A2D03385CC15}.DebugPVP|Win32.Build.0 = DebugPVP|Win32
		{AA4D7DE0-E0C4-4E8F-B4CF-A2D03385CC15}.DebugRSClient|Win32.ActiveCfg = DebugRSClient|Win32
		{AA4D7DE0-E0C4-4E8F-B4CF-A2D03385CC15}.DebugRSClient|Win32.Build.0 = DebugRSClient|Win32
		{AA4D7DE0-E0C4-4E8F-B4CF-A2D03385CC15}.mycfg|Win32.ActiveCfg = Debug|Win32
		{AA4D7DE0-E0C4-4E8F-B4CF-A2D03385CC15}.mycfg|Win32.Build.0 = Debug|Win32
		{AA4D7DE0-E0C4-4E8F-B4CF-A2D03385CC15}.Release_Just_Run|Win32.ActiveCfg = Release_Just_Run|Win32
		{AA4D7DE0-E0C4-4E8F-B4CF-A2D03385CC15}.Release_Just_Run|Win32.Build.0 = Release_Just_Run|Win32
		{AA4D7DE0-E0C4-4E8F-B4CF-A2D03385CC15}.RELEASE_RES_BELOS|Win32.ActiveCfg = RELEASE_RES_BELOS|Win32
		{AA4D7DE0-E0C4-4E8F-B4CF-A2D03385CC15}.RELEASE_RES_BELOS|Win32.Build.0 = RELEASE_RES_BELOS|Win32
		{AA4D7DE0-E0C4-4E8F-B4CF-A2D03385CC15}.Release|Win32.ActiveCfg = Release|Win32
		{AA4D7DE0-E0C4-4E8F-B4CF-A2D03385CC15}.Release|Win32.Build.0 = Release|Win32
		{AA4D7DE0-E0C4-4E8F-B4CF-A2D03385CC15}.ReleaseDebug|Win32.ActiveCfg = ReleaseDebug|Win32
		{AA4D7DE0-E0C4-4E8F-B4CF-A2D03385CC15}.ReleaseDebug|Win32.Build.0 = ReleaseDebug|Win32
		{D7DF051C-CA67-4849-9315-009A62CFC762}.Debug_Just_Run|Win32.ActiveCfg = Debug_Just_Run|Win32
		{D7DF051C-CA67-4849-9315-009A62CFC762}.Debug_Just_Run|Win32.Build.0 = Debug_Just_Run|Win32
		{D7DF051C-CA67-4849-9315-009A62CFC762}.DEBUG_NEWPACK|Win32.ActiveCfg = DEBUG_NEWPACK|Win32
		{D7DF051C-CA67-4849-9315-009A62CFC762}.DEBUG_NEWPACK|Win32.Build.0 = DEBUG_NEWPACK|Win32
		{D7DF051C-CA67-4849-9315-009A62CFC762}.DEBUG_RES_ELIAS|Win32.ActiveCfg = Debug|Win32
		{D7DF051C-CA67-4849-9315-009A62CFC762}.DEBUG_RES_ELIAS|Win32.Build.0 = Debug|Win32
		{D7DF051C-CA67-4849-9315-009A62CFC762}.DEBUG_RES_LOCAL|Win32.ActiveCfg = DEBUG_RES_LOCAL|Win32
		{D7DF051C-CA67-4849-9315-009A62CFC762}.DEBUG_RES_LOCAL|Win32.Build.0 = DEBUG_RES_LOCAL|Win32
		{D7DF051C-CA67-4849-9315-009A62CFC762}.Debug|Win32.ActiveCfg = Debug|Win32
		{D7DF051C-CA67-4849-9315-009A62CFC762}.Debug|Win32.Build.0 = Debug|Win32
		{D7DF051C-CA67-4849-9315-009A62CFC762}.debugGuild|Win32.ActiveCfg = debugGuild|Win32
		{D7DF051C-CA67-4849-9315-009A62CFC762}.debugGuild|Win32.Build.0 = debugGuild|Win32
		{D7DF051C-CA67-4849-9315-009A62CFC762}.DebugPVP|Win32.ActiveCfg = DebugPVP|Win32
		{D7DF051C-CA67-4849-9315-009A62CFC762}.DebugPVP|Win32.Build.0 = DebugPVP|Win32
		{D7DF051C-CA67-4849-9315-009A62CFC762}.DebugRSClient|Win32.ActiveCfg = DebugRSClient|Win32
		{D7DF051C-CA67-4849-9315-009A62CFC762}.DebugRSClient|Win32.Build.0 = DebugRSClient|Win32
		{D7DF051C-CA67-4849-9315-009A62CFC762}.mycfg|Win32.ActiveCfg = Release|Win32
		{D7DF051C-CA67-4849-9315-009A62CFC762}.mycfg|Win32.Build.0 = Release|Win32
		{D7DF051C-CA67-4849-9315-009A62CFC762}.Release_Just_Run|Win32.ActiveCfg = Release_Just_Run|Win32
		{D7DF051C-CA67-4849-9315-009A62CFC762}.Release_Just_Run|Win32.Build.0 = Release_Just_Run|Win32
		{D7DF051C-CA67-4849-9315-009A62CFC762}.RELEASE_RES_BELOS|Win32.ActiveCfg = Release|Win32
		{D7DF051C-CA67-4849-9315-009A62CFC762}.RELEASE_RES_BELOS|Win32.Build.0 = Release|Win32
		{D7DF051C-CA67-4849-9315-009A62CFC762}.Release|Win32.ActiveCfg = Release|Win32
		{D7DF051C-CA67-4849-9315-009A62CFC762}.Release|Win32.Build.0 = Release|Win32
		{D7DF051C-CA67-4849-9315-009A62CFC762}.ReleaseDebug|Win32.ActiveCfg = ReleaseDebug|Win32
		{D7DF051C-CA67-4849-9315-009A62CFC762}.ReleaseDebug|Win32.Build.0 = ReleaseDebug|Win32
	EndGlobalSection
	GlobalSection(SolutionProperties) = preSolution
		HideSolutionNode = FALSE
	EndGlobalSection
EndGlobal
